
Microsoft Visual Studio Solution File, Format Version 12.00
# Visual Studio Version 16
VisualStudioVersion = 16.0.30128.74
MinimumVisualStudioVersion = 10.0.40219.1
Project("{9A19103F-16F7-4668-BE54-9A1E7A4F7556}") = "Zameen", "Zameen\Zameen.csproj", "{84596DB0-683B-4DDB-A42B-B8C3D4B875F2}"
EndProject
Global
	GlobalSection(SolutionConfigurationPlatforms) = preSolution
		Debug|Any CPU = Debug|Any CPU
		Release|Any CPU = Release|Any CPU
	EndGlobalSection
	GlobalSection(ProjectConfigurationPlatforms) = postSolution
		{84596DB0-683B-4DDB-A42B-B8C3D4B875F2}.Debug|Any CPU.ActiveCfg = Debug|Any CPU
		{84596DB0-683B-4DDB-A42B-B8C3D4B875F2}.Debug|Any CPU.Build.0 = Debug|Any CPU
		{84596DB0-683B-4DDB-A42B-B8C3D4B875F2}.Release|Any CPU.ActiveCfg = Release|Any CPU
		{84596DB0-683B-4DDB-A42B-B8C3D4B875F2}.Release|Any CPU.Build.0 = Release|Any CPU
	EndGlobalSection
	GlobalSection(SolutionProperties) = preSolution
		HideSolutionNode = FALSE
	EndGlobalSection
	GlobalSection(ExtensibilityGlobals) = postSolution
		SolutionGuid = {695CA950-E1A9-4618-87AF-883DED2C7327}
	EndGlobalSection
EndGlobal
